
Microsoft Visual Studio Solution File, Format Version 12.00
# Visual Studio Version 16
VisualStudioVersion = 16.0.29920.165
MinimumVisualStudioVersion = 15.0.26124.0
Project("{9A19103F-16F7-4668-BE54-9A1E7A4F7556}") = "Wikibot.Tests", "Wikibot.Tests\Wikibot.Tests.csproj", "{F7AE5FB5-6BDB-49BA-BFEC-C2276E55E940}"
EndProject
Project("{9A19103F-16F7-4668-BE54-9A1E7A4F7556}") = "Wikibot.App", "Wikibot.App\Wikibot.App.csproj", "{F7B3A535-358C-4158-ADEE-021B21C4294A}"
EndProject
Project("{9A19103F-16F7-4668-BE54-9A1E7A4F7556}") = "Wikibot.DataAccess", "Wikibot.DataAccess\Wikibot.DataAccess.csproj", "{FD503ADD-41B1-45E2-86FB-55E4363A9C44}"
EndProject
Project("{00D1A9C2-B5F0-4AF3-8072-F6C62B433612}") = "Wikibot.Data", "Wikibot.Data\Wikibot.Data.sqlproj", "{F267AA39-6E23-43CB-859E-B32820C12FA9}"
EndProject
Project("{9A19103F-16F7-4668-BE54-9A1E7A4F7556}") = "Wikibot.Logic", "Wikibot.Jobs\Wikibot.Logic.csproj", "{C48D878E-BF57-4186-AFA0-D1B3556C68AB}"
EndProject
Global
	GlobalSection(SolutionConfigurationPlatforms) = preSolution
		Debug|Any CPU = Debug|Any CPU
		Debug|x64 = Debug|x64
		Debug|x86 = Debug|x86
		Release|Any CPU = Release|Any CPU
		Release|x64 = Release|x64
		Release|x86 = Release|x86
	EndGlobalSection
	GlobalSection(ProjectConfigurationPlatforms) = postSolution
		{F7AE5FB5-6BDB-49BA-BFEC-C2276E55E940}.Debug|Any CPU.ActiveCfg = Debug|Any CPU
		{F7AE5FB5-6BDB-49BA-BFEC-C2276E55E940}.Debug|Any CPU.Build.0 = Debug|Any CPU
		{F7AE5FB5-6BDB-49BA-BFEC-C2276E55E940}.Debug|x64.ActiveCfg = Debug|Any CPU
		{F7AE5FB5-6BDB-49BA-BFEC-C2276E55E940}.Debug|x64.Build.0 = Debug|Any CPU
		{F7AE5FB5-6BDB-49BA-BFEC-C2276E55E940}.Debug|x86.ActiveCfg = Debug|Any CPU
		{F7AE5FB5-6BDB-49BA-BFEC-C2276E55E940}.Debug|x86.Build.0 = Debug|Any CPU
		{F7AE5FB5-6BDB-49BA-BFEC-C2276E55E940}.Release|Any CPU.ActiveCfg = Release|Any CPU
		{F7AE5FB5-6BDB-49BA-BFEC-C2276E55E940}.Release|x64.ActiveCfg = Release|Any CPU
		{F7AE5FB5-6BDB-49BA-BFEC-C2276E55E940}.Release|x64.Build.0 = Release|Any CPU
		{F7AE5FB5-6BDB-49BA-BFEC-C2276E55E940}.Release|x86.ActiveCfg = Release|Any CPU
		{F7AE5FB5-6BDB-49BA-BFEC-C2276E55E940}.Release|x86.Build.0 = Release|Any CPU
		{F7B3A535-358C-4158-ADEE-021B21C4294A}.Debug|Any CPU.ActiveCfg = Debug|Any CPU
		{F7B3A535-358C-4158-ADEE-021B21C4294A}.Debug|Any CPU.Build.0 = Debug|Any CPU
		{F7B3A535-358C-4158-ADEE-021B21C4294A}.Debug|x64.ActiveCfg = Debug|Any CPU
		{F7B3A535-358C-4158-ADEE-021B21C4294A}.Debug|x64.Build.0 = Debug|Any CPU
		{F7B3A535-358C-4158-ADEE-021B21C4294A}.Debug|x86.ActiveCfg = Debug|Any CPU
		{F7B3A535-358C-4158-ADEE-021B21C4294A}.Debug|x86.Build.0 = Debug|Any CPU
		{F7B3A535-358C-4158-ADEE-021B21C4294A}.Release|Any CPU.ActiveCfg = Release|Any CPU
		{F7B3A535-358C-4158-ADEE-021B21C4294A}.Release|Any CPU.Build.0 = Release|Any CPU
		{F7B3A535-358C-4158-ADEE-021B21C4294A}.Release|x64.ActiveCfg = Release|Any CPU
		{F7B3A535-358C-4158-ADEE-021B21C4294A}.Release|x64.Build.0 = Release|Any CPU
		{F7B3A535-358C-4158-ADEE-021B21C4294A}.Release|x86.ActiveCfg = Release|Any CPU
		{F7B3A535-358C-4158-ADEE-021B21C4294A}.Release|x86.Build.0 = Release|Any CPU
		{FD503ADD-41B1-45E2-86FB-55E4363A9C44}.Debug|Any CPU.ActiveCfg = Debug|Any CPU
		{FD503ADD-41B1-45E2-86FB-55E4363A9C44}.Debug|Any CPU.Build.0 = Debug|Any CPU
		{FD503ADD-41B1-45E2-86FB-55E4363A9C44}.Debug|x64.ActiveCfg = Debug|Any CPU
		{FD503ADD-41B1-45E2-86FB-55E4363A9C44}.Debug|x64.Build.0 = Debug|Any CPU
		{FD503ADD-41B1-45E2-86FB-55E4363A9C44}.Debug|x86.ActiveCfg = Debug|Any CPU
		{FD503ADD-41B1-45E2-86FB-55E4363A9C44}.Debug|x86.Build.0 = Debug|Any CPU
		{FD503ADD-41B1-45E2-86FB-55E4363A9C44}.Release|Any CPU.ActiveCfg = Release|Any CPU
		{FD503ADD-41B1-45E2-86FB-55E4363A9C44}.Release|Any CPU.Build.0 = Release|Any CPU
		{FD503ADD-41B1-45E2-86FB-55E4363A9C44}.Release|x64.ActiveCfg = Release|Any CPU
		{FD503ADD-41B1-45E2-86FB-55E4363A9C44}.Release|x64.Build.0 = Release|Any CPU
		{FD503ADD-41B1-45E2-86FB-55E4363A9C44}.Release|x86.ActiveCfg = Release|Any CPU
		{FD503ADD-41B1-45E2-86FB-55E4363A9C44}.Release|x86.Build.0 = Release|Any CPU
		{F267AA39-6E23-43CB-859E-B32820C12FA9}.Debug|Any CPU.ActiveCfg = Debug|Any CPU
		{F267AA39-6E23-43CB-859E-B32820C12FA9}.Debug|Any CPU.Deploy.0 = Debug|Any CPU
		{F267AA39-6E23-43CB-859E-B32820C12FA9}.Debug|x64.ActiveCfg = Debug|Any CPU
		{F267AA39-6E23-43CB-859E-B32820C12FA9}.Debug|x64.Build.0 = Debug|Any CPU
		{F267AA39-6E23-43CB-859E-B32820C12FA9}.Debug|x64.Deploy.0 = Debug|Any CPU
		{F267AA39-6E23-43CB-859E-B32820C12FA9}.Debug|x86.ActiveCfg = Debug|Any CPU
		{F267AA39-6E23-43CB-859E-B32820C12FA9}.Debug|x86.Build.0 = Debug|Any CPU
		{F267AA39-6E23-43CB-859E-B32820C12FA9}.Debug|x86.Deploy.0 = Debug|Any CPU
		{F267AA39-6E23-43CB-859E-B32820C12FA9}.Release|Any CPU.ActiveCfg = Release|Any CPU
		{F267AA39-6E23-43CB-859E-B32820C12FA9}.Release|Any CPU.Deploy.0 = Release|Any CPU
		{F267AA39-6E23-43CB-859E-B32820C12FA9}.Release|x64.ActiveCfg = Release|Any CPU
		{F267AA39-6E23-43CB-859E-B32820C12FA9}.Release|x64.Build.0 = Release|Any CPU
		{F267AA39-6E23-43CB-859E-B32820C12FA9}.Release|x64.Deploy.0 = Release|Any CPU
		{F267AA39-6E23-43CB-859E-B32820C12FA9}.Release|x86.ActiveCfg = Release|Any CPU
		{F267AA39-6E23-43CB-859E-B32820C12FA9}.Release|x86.Build.0 = Release|Any CPU
		{F267AA39-6E23-43CB-859E-B32820C12FA9}.Release|x86.Deploy.0 = Release|Any CPU
		{C48D878E-BF57-4186-AFA0-D1B3556C68AB}.Debug|Any CPU.ActiveCfg = Debug|Any CPU
		{C48D878E-BF57-4186-AFA0-D1B3556C68AB}.Debug|Any CPU.Build.0 = Debug|Any CPU
		{C48D878E-BF57-4186-AFA0-D1B3556C68AB}.Debug|x64.ActiveCfg = Debug|Any CPU
		{C48D878E-BF57-4186-AFA0-D1B3556C68AB}.Debug|x64.Build.0 = Debug|Any CPU
		{C48D878E-BF57-4186-AFA0-D1B3556C68AB}.Debug|x86.ActiveCfg = Debug|Any CPU
		{C48D878E-BF57-4186-AFA0-D1B3556C68AB}.Debug|x86.Build.0 = Debug|Any CPU
		{C48D878E-BF57-4186-AFA0-D1B3556C68AB}.Release|Any CPU.ActiveCfg = Release|Any CPU
		{C48D878E-BF57-4186-AFA0-D1B3556C68AB}.Release|Any CPU.Build.0 = Release|Any CPU
		{C48D878E-BF57-4186-AFA0-D1B3556C68AB}.Release|x64.ActiveCfg = Release|Any CPU
		{C48D878E-BF57-4186-AFA0-D1B3556C68AB}.Release|x64.Build.0 = Release|Any CPU
		{C48D878E-BF57-4186-AFA0-D1B3556C68AB}.Release|x86.ActiveCfg = Release|Any CPU
		{C48D878E-BF57-4186-AFA0-D1B3556C68AB}.Release|x86.Build.0 = Release|Any CPU
	EndGlobalSection
	GlobalSection(SolutionProperties) = preSolution
		HideSolutionNode = FALSE
	EndGlobalSection
	GlobalSection(ExtensibilityGlobals) = postSolution
		SolutionGuid = {7EE0F089-1AFB-4065-8C5C-533F27318693}
	EndGlobalSection
EndGlobal
